
Microsoft Visual Studio Solution File, Format Version 12.00
# Visual Studio Version 16
VisualStudioVersion = 16.0.29509.3
MinimumVisualStudioVersion = 10.0.40219.1
Project("{FAE04EC0-301F-11D3-BF4B-00C04F79EFBC}") = "ProfileWin", "ProfileWin\ProfileWin.csproj", "{98EB4556-B84C-4C0E-86F6-1E19F91DF28E}"
EndProject
Global
	GlobalSection(SolutionConfigurationPlatforms) = preSolution
		Debug|Any CPU = Debug|Any CPU
		Release|Any CPU = Release|Any CPU
	EndGlobalSection
	GlobalSection(ProjectConfigurationPlatforms) = postSolution
		{98EB4556-B84C-4C0E-86F6-1E19F91DF28E}.Debug|Any CPU.ActiveCfg = Debug|Any CPU
		{98EB4556-B84C-4C0E-86F6-1E19F91DF28E}.Debug|Any CPU.Build.0 = Debug|Any CPU
		{98EB4556-B84C-4C0E-86F6-1E19F91DF28E}.Release|Any CPU.ActiveCfg = Release|Any CPU
		{98EB4556-B84C-4C0E-86F6-1E19F91DF28E}.Release|Any CPU.Build.0 = Release|Any CPU
	EndGlobalSection
	GlobalSection(SolutionProperties) = preSolution
		HideSolutionNode = FALSE
	EndGlobalSection
	GlobalSection(ExtensibilityGlobals) = postSolution
		SolutionGuid = {7B161F41-2C74-407B-87DF-D912953C1227}
	EndGlobalSection
EndGlobal
